// !$*UTF8*$!
{
	archiveVersion = 1;
	classes = {
	};
	objectVersion = 50;
	objects = {

/* Begin PBXBuildFile section */
		F34694762225E1A800B8D635 /* FlagDetailViewController.swift in Sources */ = {isa = PBXBuildFile; fileRef = F34694752225E1A800B8D635 /* FlagDetailViewController.swift */; };
		F35A34D52225D01100ED756A /* AppDelegate.swift in Sources */ = {isa = PBXBuildFile; fileRef = F35A34D42225D01100ED756A /* AppDelegate.swift */; };
		F35A34D72225D01100ED756A /* HomeViewController.swift in Sources */ = {isa = PBXBuildFile; fileRef = F35A34D62225D01100ED756A /* HomeViewController.swift */; };
		F35A34DA2225D01100ED756A /* Main.storyboard in Resources */ = {isa = PBXBuildFile; fileRef = F35A34D82225D01100ED756A /* Main.storyboard */; };
		F35A34DC2225D01200ED756A /* Assets.xcassets in Resources */ = {isa = PBXBuildFile; fileRef = F35A34DB2225D01200ED756A /* Assets.xcassets */; };
		F35A34DF2225D01200ED756A /* LaunchScreen.storyboard in Resources */ = {isa = PBXBuildFile; fileRef = F35A34DD2225D01200ED756A /* LaunchScreen.storyboard */; };
		F35A34E72225D30600ED756A /* Flag.swift in Sources */ = {isa = PBXBuildFile; fileRef = F35A34E62225D30600ED756A /* Flag.swift */; };
		F35A34E92225D33100ED756A /* flag-data.json in Resources */ = {isa = PBXBuildFile; fileRef = F35A34E82225D33100ED756A /* flag-data.json */; };
/* End PBXBuildFile section */

/* Begin PBXFileReference section */
		F34694752225E1A800B8D635 /* FlagDetailViewController.swift */ = {isa = PBXFileReference; lastKnownFileType = sourcecode.swift; path = FlagDetailViewController.swift; sourceTree = "<group>"; };
		F35A34D12225D01100ED756A /* Flag Share.app */ = {isa = PBXFileReference; explicitFileType = wrapper.application; includeInIndex = 0; path = "Flag Share.app"; sourceTree = BUILT_PRODUCTS_DIR; };
		F35A34D42225D01100ED756A /* AppDelegate.swift */ = {isa = PBXFileReference; lastKnownFileType = sourcecode.swift; path = AppDelegate.swift; sourceTree = "<group>"; };
		F35A34D62225D01100ED756A /* HomeViewController.swift */ = {isa = PBXFileReference; lastKnownFileType = sourcecode.swift; path = HomeViewController.swift; sourceTree = "<group>"; };
		F35A34D92225D01100ED756A /* Base */ = {isa = PBXFileReference; lastKnownFileType = file.storyboard; name = Base; path = Base.lproj/Main.storyboard; sourceTree = "<group>"; };
		F35A34DB2225D01200ED756A /* Assets.xcassets */ = {isa = PBXFileReference; lastKnownFileType = folder.assetcatalog; path = Assets.xcassets; sourceTree = "<group>"; };
		F35A34DE2225D01200ED756A /* Base */ = {isa = PBXFileReference; lastKnownFileType = file.storyboard; name = Base; path = Base.lproj/LaunchScreen.storyboard; sourceTree = "<group>"; };
		F35A34E02225D01200ED756A /* Info.plist */ = {isa = PBXFileReference; lastKnownFileType = text.plist.xml; path = Info.plist; sourceTree = "<group>"; };
		F35A34E62225D30600ED756A /* Flag.swift */ = {isa = PBXFileReference; lastKnownFileType = sourcecode.swift; path = Flag.swift; sourceTree = "<group>"; };
		F35A34E82225D33100ED756A /* flag-data.json */ = {isa = PBXFileReference; lastKnownFileType = text.json; path = "flag-data.json"; sourceTree = "<group>"; };
/* End PBXFileReference section */

/* Begin PBXFrameworksBuildPhase section */
		F35A34CE2225D01100ED756A /* Frameworks */ = {
			isa = PBXFrameworksBuildPhase;
			buildActionMask = 2147483647;
			files = (
			);
			runOnlyForDeploymentPostprocessing = 0;
		};
/* End PBXFrameworksBuildPhase section */

/* Begin PBXGroup section */
		F35A34C82225D01100ED756A = {
			isa = PBXGroup;
			children = (
				F35A34D32225D01100ED756A /* Flag Share */,
				F35A34D22225D01100ED756A /* Products */,
			);
			sourceTree = "<group>";
		};
		F35A34D22225D01100ED756A /* Products */ = {
			isa = PBXGroup;
			children = (
				F35A34D12225D01100ED756A /* Flag Share.app */,
			);
			name = Products;
			sourceTree = "<group>";
		};
		F35A34D32225D01100ED756A /* Flag Share */ = {
			isa = PBXGroup;
			children = (
				F35A34D42225D01100ED756A /* AppDelegate.swift */,
				F35A34D62225D01100ED756A /* HomeViewController.swift */,
				F35A34E62225D30600ED756A /* Flag.swift */,
				F35A34E82225D33100ED756A /* flag-data.json */,
				F35A34D82225D01100ED756A /* Main.storyboard */,
				F34694752225E1A800B8D635 /* FlagDetailViewController.swift */,
				F35A34DB2225D01200ED756A /* Assets.xcassets */,
				F35A34DD2225D01200ED756A /* LaunchScreen.storyboard */,
				F35A34E02225D01200ED756A /* Info.plist */,
			);
			path = "Flag Share";
			sourceTree = "<group>";
		};
/* End PBXGroup section */

/* Begin PBXNativeTarget section */
		F35A34D02225D01100ED756A /* Flag Share */ = {
			isa = PBXNativeTarget;
			buildConfigurationList = F35A34E32225D01200ED756A /* Build configuration list for PBXNativeTarget "Flag Share" */;
			buildPhases = (
				F35A34CD2225D01100ED756A /* Sources */,
				F35A34CE2225D01100ED756A /* Frameworks */,
				F35A34CF2225D01100ED756A /* Resources */,
			);
			buildRules = (
			);
			dependencies = (
			);
			name = "Flag Share";
			productName = "Flag Share";
			productReference = F35A34D12225D01100ED756A /* Flag Share.app */;
			productType = "com.apple.product-type.application";
		};
/* End PBXNativeTarget section */

/* Begin PBXProject section */
		F35A34C92225D01100ED756A /* Project object */ = {
			isa = PBXProject;
			attributes = {
				LastSwiftUpdateCheck = 1010;
				LastUpgradeCheck = 1010;
				ORGANIZATIONNAME = "Brian Sipple";
				TargetAttributes = {
					F35A34D02225D01100ED756A = {
						CreatedOnToolsVersion = 10.1;
					};
				};
			};
			buildConfigurationList = F35A34CC2225D01100ED756A /* Build configuration list for PBXProject "Flag Share" */;
			compatibilityVersion = "Xcode 9.3";
			developmentRegion = en;
			hasScannedForEncodings = 0;
			knownRegions = (
				en,
				Base,
			);
			mainGroup = F35A34C82225D01100ED756A;
			productRefGroup = F35A34D22225D01100ED756A /* Products */;
			projectDirPath = "";
			projectRoot = "";
			targets = (
				F35A34D02225D01100ED756A /* Flag Share */,
			);
		};
/* End PBXProject section */

/* Begin PBXResourcesBuildPhase section */
		F35A34CF2225D01100ED756A /* Resources */ = {
			isa = PBXResourcesBuildPhase;
			buildActionMask = 2147483647;
			files = (
				F35A34DF2225D01200ED756A /* LaunchScreen.storyboard in Resources */,
				F35A34DC2225D01200ED756A /* Assets.xcassets in Resources */,
				F35A34DA2225D01100ED756A /* Main.storyboard in Resources */,
				F35A34E92225D33100ED756A /* flag-data.json in Resources */,
			);
			runOnlyForDeploymentPostprocessing = 0;
		};
/* End PBXResourcesBuildPhase section */

/* Begin PBXSourcesBuildPhase section */
		F35A34CD2225D01100ED756A /* Sources */ = {
			isa = PBXSourcesBuildPhase;
			buildActionMask = 2147483647;
			files = (
				F35A34D72225D01100ED756A /* HomeViewController.swift in Sources */,
				F34694762225E1A800B8D635 /* FlagDetailViewController.swift in Sources */,
				F35A34E72225D30600ED756A /* Flag.swift in Sources */,
				F35A34D52225D01100ED756A /* AppDelegate.swift in Sources */,
			);
			runOnlyForDeploymentPostprocessing = 0;
		};
/* End PBXSourcesBuildPhase section */

/* Begin PBXVariantGroup section */
		F35A34D82225D01100ED756A /* Main.storyboard */ = {
			isa = PBXVariantGroup;
			children = (
				F35A34D92225D01100ED756A /* Base */,
			);
			name = Main.storyboard;
			sourceTree = "<group>";
		};
		F35A34DD2225D01200ED756A /* LaunchScreen.storyboard */ = {
			isa = PBXVariantGroup;
			children = (
				F35A34DE2225D01200ED756A /* Base */,
			);
			name = LaunchScreen.storyboard;
			sourceTree = "<group>";
		};
/* End PBXVariantGroup section */

/* Begin XCBuildConfiguration section */
		F35A34E12225D01200ED756A /* Debug */ = {
			isa = XCBuildConfiguration;
			buildSettings = {
				ALWAYS_SEARCH_USER_PATHS = NO;
				CLANG_ANALYZER_NONNULL = YES;
				CLANG_ANALYZER_NUMBER_OBJECT_CONVERSION = YES_AGGRESSIVE;
				CLANG_CXX_LANGUAGE_STANDARD = "gnu++14";
				CLANG_CXX_LIBRARY = "libc++";
				CLANG_ENABLE_MODULES = YES;
				CLANG_ENABLE_OBJC_ARC = YES;
				CLANG_ENABLE_OBJC_WEAK = YES;
				CLANG_WARN_BLOCK_CAPTURE_AUTORELEASING = YES;
				CLANG_WARN_BOOL_CONVERSION = YES;
				CLANG_WARN_COMMA = YES;
				CLANG_WARN_CONSTANT_CONVERSION = YES;
				CLANG_WARN_DEPRECATED_OBJC_IMPLEMENTATIONS = YES;
				CLANG_WARN_DIRECT_OBJC_ISA_USAGE = YES_ERROR;
				CLANG_WARN_DOCUMENTATION_COMMENTS = YES;
				CLANG_WARN_EMPTY_BODY = YES;
				CLANG_WARN_ENUM_CONVERSION = YES;
				CLANG_WARN_INFINITE_RECURSION = YES;
				CLANG_WARN_INT_CONVERSION = YES;
				CLANG_WARN_NON_LITERAL_NULL_CONVERSION = YES;
				CLANG_WARN_OBJC_IMPLICIT_RETAIN_SELF = YES;
				CLANG_WARN_OBJC_LITERAL_CONVERSION = YES;
				CLANG_WARN_OBJC_ROOT_CLASS = YES_ERROR;
				CLANG_WARN_RANGE_LOOP_ANALYSIS = YES;
				CLANG_WARN_STRICT_PROTOTYPES = YES;
				CLANG_WARN_SUSPICIOUS_MOVE = YES;
				CLANG_WARN_UNGUARDED_AVAILABILITY = YES_AGGRESSIVE;
				CLANG_WARN_UNREACHABLE_CODE = YES;
				CLANG_WARN__DUPLICATE_METHOD_MATCH = YES;
				CODE_SIGN_IDENTITY = "iPhone Developer";
				COPY_PHASE_STRIP = NO;
				DEBUG_INFORMATION_FORMAT = dwarf;
				ENABLE_STRICT_OBJC_MSGSEND = YES;
				ENABLE_TESTABILITY = YES;
				GCC_C_LANGUAGE_STANDARD = gnu11;
				GCC_DYNAMIC_NO_PIC = NO;
				GCC_NO_COMMON_BLOCKS = YES;
				GCC_OPTIMIZATION_LEVEL = 0;
				GCC_PREPROCESSOR_DEFINITIONS = (
					"DEBUG=1",
					"$(inherited)",
				);
				GCC_WARN_64_TO_32_BIT_CONVERSION = YES;
				GCC_WARN_ABOUT_RETURN_TYPE = YES_ERROR;
				GCC_WARN_UNDECLARED_SELECTOR = YES;
				GCC_WARN_UNINITIALIZED_AUTOS = YES_AGGRESSIVE;
				GCC_WARN_UNUSED_FUNCTION = YES;
				GCC_WARN_UNUSED_VARIABLE = YES;
				IPHONEOS_DEPLOYMENT_TARGET = 12.1;
				MTL_ENABLE_DEBUG_INFO = INCLUDE_SOURCE;
				MTL_FAST_MATH = YES;
				ONLY_ACTIVE_ARCH = YES;
				SDKROOT = iphoneos;
				SWIFT_ACTIVE_COMPILATION_CONDITIONS = DEBUG;
				SWIFT_OPTIMIZATION_LEVEL = "-Onone";
			};
			name = Debug;
		};
		F35A34E22225D01200ED756A /* Release */ = {
			isa = XCBuildConfiguration;
			buildSettings = {
				ALWAYS_SEARCH_USER_PATHS = NO;
				CLANG_ANALYZER_NONNULL = YES;
				CLANG_ANALYZER_NUMBER_OBJECT_CONVERSION = YES_AGGRESSIVE;
				CLANG_CXX_LANGUAGE_STANDARD = "gnu++14";
				CLANG_CXX_LIBRARY = "libc++";
				CLANG_ENABLE_MODULES = YES;
				CLANG_ENABLE_OBJC_ARC = YES;
				CLANG_ENABLE_OBJC_WEAK = YES;
				CLANG_WARN_BLOCK_CAPTURE_AUTORELEASING = YES;
				CLANG_WARN_BOOL_CONVERSION = YES;
				CLANG_WARN_COMMA = YES;
				CLANG_WARN_CONSTANT_CONVERSION = YES;
				CLANG_WARN_DEPRECATED_OBJC_IMPLEMENTATIONS = YES;
				CLANG_WARN_DIRECT_OBJC_ISA_USAGE = YES_ERROR;
				CLANG_WARN_DOCUMENTATION_COMMENTS = YES;
				CLANG_WARN_EMPTY_BODY = YES;
				CLANG_WARN_ENUM_CONVERSION = YES;
				CLANG_WARN_INFINITE_RECURSION = YES;
				CLANG_WARN_INT_CONVERSION = YES;
				CLANG_WARN_NON_LITERAL_NULL_CONVERSION = YES;
				CLANG_WARN_OBJC_IMPLICIT_RETAIN_SELF = YES;
				CLANG_WARN_OBJC_LITERAL_CONVERSION = YES;
				CLANG_WARN_OBJC_ROOT_CLASS = YES_ERROR;
				CLANG_WARN_RANGE_LOOP_ANALYSIS = YES;
				CLANG_WARN_STRICT_PROTOTYPES = YES;
				CLANG_WARN_SUSPICIOUS_MOVE = YES;
				CLANG_WARN_UNGUARDED_AVAILABILITY = YES_AGGRESSIVE;
				CLANG_WARN_UNREACHABLE_CODE = YES;
				CLANG_WARN__DUPLICATE_METHOD_MATCH = YES;
				CODE_SIGN_IDENTITY = "iPhone Developer";
				COPY_PHASE_STRIP = NO;
				DEBUG_INFORMATION_FORMAT = "dwarf-with-dsym";
				ENABLE_NS_ASSERTIONS = NO;
				ENABLE_STRICT_OBJC_MSGSEND = YES;
				GCC_C_LANGUAGE_STANDARD = gnu11;
				GCC_NO_COMMON_BLOCKS = YES;
				GCC_WARN_64_TO_32_BIT_CONVERSION = YES;
				GCC_WARN_ABOUT_RETURN_TYPE = YES_ERROR;
				GCC_WARN_UNDECLARED_SELECTOR = YES;
				GCC_WARN_UNINITIALIZED_AUTOS = YES_AGGRESSIVE;
				GCC_WARN_UNUSED_FUNCTION = YES;
				GCC_WARN_UNUSED_VARIABLE = YES;
				IPHONEOS_DEPLOYMENT_TARGET = 12.1;
				MTL_ENABLE_DEBUG_INFO = NO;
				MTL_FAST_MATH = YES;
				SDKROOT = iphoneos;
				SWIFT_COMPILATION_MODE = wholemodule;
				SWIFT_OPTIMIZATION_LEVEL = "-O";
				VALIDATE_PRODUCT = YES;
			};
			name = Release;
		};
		F35A34E42225D01200ED756A /* Debug */ = {
			isa = XCBuildConfiguration;
			buildSettings = {
				ASSETCATALOG_COMPILER_APPICON_NAME = AppIcon;
				CODE_SIGN_STYLE = Automatic;
				DEVELOPMENT_TEAM = QRXXH2RKAG;
				INFOPLIST_FILE = "Flag Share/Info.plist";
				LD_RUNPATH_SEARCH_PATHS = (
					"$(inherited)",
					"@executable_path/Frameworks",
				);
				PRODUCT_BUNDLE_IDENTIFIER = "io.sipple.Flag-Share";
				PRODUCT_NAME = "$(TARGET_NAME)";
				SWIFT_VERSION = 4.2;
				TARGETED_DEVICE_FAMILY = "1,2";
			};
			name = Debug;
		};
		F35A34E52225D01200ED756A /* Release */ = {
			isa = XCBuildConfiguration;
			buildSettings = {
				ASSETCATALOG_COMPILER_APPICON_NAME = AppIcon;
				CODE_SIGN_STYLE = Automatic;
				DEVELOPMENT_TEAM = QRXXH2RKAG;
				INFOPLIST_FILE = "Flag Share/Info.plist";
				LD_RUNPATH_SEARCH_PATHS = (
					"$(inherited)",
					"@executable_path/Frameworks",
				);
				PRODUCT_BUNDLE_IDENTIFIER = "io.sipple.Flag-Share";
				PRODUCT_NAME = "$(TARGET_NAME)";
				SWIFT_VERSION = 4.2;
				TARGETED_DEVICE_FAMILY = "1,2";
			};
			name = Release;
		};
/* End XCBuildConfiguration section */

/* Begin XCConfigurationList section */
		F35A34CC2225D01100ED756A /* Build configuration list for PBXProject "Flag Share" */ = {
			isa = XCConfigurationList;
			buildConfigurations = (
				F35A34E12225D01200ED756A /* Debug */,
				F35A34E22225D01200ED756A /* Release */,
			);
			defaultConfigurationIsVisible = 0;
			defaultConfigurationName = Release;
		};
		F35A34E32225D01200ED756A /* Build configuration list for PBXNativeTarget "Flag Share" */ = {
			isa = XCConfigurationList;
			buildConfigurations = (
				F35A34E42225D01200ED756A /* Debug */,
				F35A34E52225D01200ED756A /* Release */,
			);
			defaultConfigurationIsVisible = 0;
			defaultConfigurationName = Release;
		};
/* End XCConfigurationList section */
	};
	rootObject = F35A34C92225D01100ED756A /* Project object */;
}
