// !$*UTF8*$!
{
	archiveVersion = 1;
	classes = {
	};
	objectVersion = 50;
	objects = {

/* Begin PBXBuildFile section */
		F3A1B44F22027C9E0007FC7E /* AppDelegate.swift in Sources */ = {isa = PBXBuildFile; fileRef = F3A1B44E22027C9E0007FC7E /* AppDelegate.swift */; };
		F3A1B45122027C9E0007FC7E /* MainViewController.swift in Sources */ = {isa = PBXBuildFile; fileRef = F3A1B45022027C9E0007FC7E /* MainViewController.swift */; };
		F3A1B45422027C9E0007FC7E /* Main.storyboard in Resources */ = {isa = PBXBuildFile; fileRef = F3A1B45222027C9E0007FC7E /* Main.storyboard */; };
		F3A1B45622027C9F0007FC7E /* Assets.xcassets in Resources */ = {isa = PBXBuildFile; fileRef = F3A1B45522027C9F0007FC7E /* Assets.xcassets */; };
		F3A1B45922027C9F0007FC7E /* LaunchScreen.storyboard in Resources */ = {isa = PBXBuildFile; fileRef = F3A1B45722027C9F0007FC7E /* LaunchScreen.storyboard */; };
		F3A1B467220288D70007FC7E /* Media.xcassets in Resources */ = {isa = PBXBuildFile; fileRef = F3A1B466220288D70007FC7E /* Media.xcassets */; };
		F3A1B469220288D70007FC7E /* MainActionViewController.swift in Sources */ = {isa = PBXBuildFile; fileRef = F3A1B468220288D70007FC7E /* MainActionViewController.swift */; };
		F3A1B470220288D70007FC7E /* My Sweet HWS Extension.appex in Embed App Extensions */ = {isa = PBXBuildFile; fileRef = F3A1B464220288D70007FC7E /* My Sweet HWS Extension.appex */; settings = {ATTRIBUTES = (RemoveHeadersOnCopy, ); }; };
		F3A1B4762202BE2D0007FC7E /* ExtensionAction.js in Resources */ = {isa = PBXBuildFile; fileRef = F3A1B4752202BE2D0007FC7E /* ExtensionAction.js */; };
		F3ECDE552275BDAB00C67293 /* Injection.swift in Sources */ = {isa = PBXBuildFile; fileRef = F3ECDE542275BDAB00C67293 /* Injection.swift */; };
		F3ECDE5A2275CB2100C67293 /* PageSnapshot.swift in Sources */ = {isa = PBXBuildFile; fileRef = F3ECDE592275CB2100C67293 /* PageSnapshot.swift */; };
		F3ECDE5F2275CFC900C67293 /* UIViewController+DisplayAlertMessage.swift in Sources */ = {isa = PBXBuildFile; fileRef = F3ECDE5E2275CFC900C67293 /* UIViewController+DisplayAlertMessage.swift */; };
		F3ECDE612276006600C67293 /* injection-presets.json in Resources */ = {isa = PBXBuildFile; fileRef = F3ECDE602276006600C67293 /* injection-presets.json */; };
		F3ECDE822277290800C67293 /* Keys.swift in Sources */ = {isa = PBXBuildFile; fileRef = F3ECDE812277290800C67293 /* Keys.swift */; };
		F3ECDE84227756C800C67293 /* StoryboardID.swift in Sources */ = {isa = PBXBuildFile; fileRef = F3ECDE83227756C800C67293 /* StoryboardID.swift */; };
		F3ECDE862277579E00C67293 /* EditScriptViewController.swift in Sources */ = {isa = PBXBuildFile; fileRef = F3ECDE852277579E00C67293 /* EditScriptViewController.swift */; };
		F3ECDE88227840DD00C67293 /* MainInterface.storyboard in Resources */ = {isa = PBXBuildFile; fileRef = F3ECDE87227840DC00C67293 /* MainInterface.storyboard */; };
		F3ECDE8E22784D6800C67293 /* TableViewDataSource.swift in Sources */ = {isa = PBXBuildFile; fileRef = F3ECDE8D22784D6800C67293 /* TableViewDataSource.swift */; };
/* End PBXBuildFile section */

/* Begin PBXContainerItemProxy section */
		F3A1B46E220288D70007FC7E /* PBXContainerItemProxy */ = {
			isa = PBXContainerItemProxy;
			containerPortal = F3A1B44322027C9E0007FC7E /* Project object */;
			proxyType = 1;
			remoteGlobalIDString = F3A1B463220288D70007FC7E;
			remoteInfo = "My Sweet HWS Extension";
		};
/* End PBXContainerItemProxy section */

/* Begin PBXCopyFilesBuildPhase section */
		F3A1B474220288D70007FC7E /* Embed App Extensions */ = {
			isa = PBXCopyFilesBuildPhase;
			buildActionMask = 2147483647;
			dstPath = "";
			dstSubfolderSpec = 13;
			files = (
				F3A1B470220288D70007FC7E /* My Sweet HWS Extension.appex in Embed App Extensions */,
			);
			name = "Embed App Extensions";
			runOnlyForDeploymentPostprocessing = 0;
		};
/* End PBXCopyFilesBuildPhase section */

/* Begin PBXFileReference section */
		F3A1B44B22027C9E0007FC7E /* Safari Extension.app */ = {isa = PBXFileReference; explicitFileType = wrapper.application; includeInIndex = 0; path = "Safari Extension.app"; sourceTree = BUILT_PRODUCTS_DIR; };
		F3A1B44E22027C9E0007FC7E /* AppDelegate.swift */ = {isa = PBXFileReference; lastKnownFileType = sourcecode.swift; path = AppDelegate.swift; sourceTree = "<group>"; };
		F3A1B45022027C9E0007FC7E /* MainViewController.swift */ = {isa = PBXFileReference; lastKnownFileType = sourcecode.swift; path = MainViewController.swift; sourceTree = "<group>"; };
		F3A1B45322027C9E0007FC7E /* Base */ = {isa = PBXFileReference; lastKnownFileType = file.storyboard; name = Base; path = Base.lproj/Main.storyboard; sourceTree = "<group>"; };
		F3A1B45522027C9F0007FC7E /* Assets.xcassets */ = {isa = PBXFileReference; lastKnownFileType = folder.assetcatalog; path = Assets.xcassets; sourceTree = "<group>"; };
		F3A1B45822027C9F0007FC7E /* Base */ = {isa = PBXFileReference; lastKnownFileType = file.storyboard; name = Base; path = Base.lproj/LaunchScreen.storyboard; sourceTree = "<group>"; };
		F3A1B45A22027C9F0007FC7E /* Info.plist */ = {isa = PBXFileReference; lastKnownFileType = text.plist.xml; path = Info.plist; sourceTree = "<group>"; };
		F3A1B464220288D70007FC7E /* My Sweet HWS Extension.appex */ = {isa = PBXFileReference; explicitFileType = "wrapper.app-extension"; includeInIndex = 0; path = "My Sweet HWS Extension.appex"; sourceTree = BUILT_PRODUCTS_DIR; };
		F3A1B466220288D70007FC7E /* Media.xcassets */ = {isa = PBXFileReference; lastKnownFileType = folder.assetcatalog; path = Media.xcassets; sourceTree = "<group>"; };
		F3A1B468220288D70007FC7E /* MainActionViewController.swift */ = {isa = PBXFileReference; lastKnownFileType = sourcecode.swift; path = MainActionViewController.swift; sourceTree = "<group>"; };
		F3A1B46D220288D70007FC7E /* Info.plist */ = {isa = PBXFileReference; lastKnownFileType = text.plist.xml; path = Info.plist; sourceTree = "<group>"; };
		F3A1B4752202BE2D0007FC7E /* ExtensionAction.js */ = {isa = PBXFileReference; lastKnownFileType = sourcecode.javascript; path = ExtensionAction.js; sourceTree = "<group>"; };
		F3ECDE542275BDAB00C67293 /* Injection.swift */ = {isa = PBXFileReference; lastKnownFileType = sourcecode.swift; path = Injection.swift; sourceTree = "<group>"; };
		F3ECDE592275CB2100C67293 /* PageSnapshot.swift */ = {isa = PBXFileReference; lastKnownFileType = sourcecode.swift; path = PageSnapshot.swift; sourceTree = "<group>"; };
		F3ECDE5E2275CFC900C67293 /* UIViewController+DisplayAlertMessage.swift */ = {isa = PBXFileReference; lastKnownFileType = sourcecode.swift; path = "UIViewController+DisplayAlertMessage.swift"; sourceTree = "<group>"; };
		F3ECDE602276006600C67293 /* injection-presets.json */ = {isa = PBXFileReference; lastKnownFileType = text.json; path = "injection-presets.json"; sourceTree = "<group>"; };
		F3ECDE812277290800C67293 /* Keys.swift */ = {isa = PBXFileReference; lastKnownFileType = sourcecode.swift; path = Keys.swift; sourceTree = "<group>"; };
		F3ECDE83227756C800C67293 /* StoryboardID.swift */ = {isa = PBXFileReference; lastKnownFileType = sourcecode.swift; path = StoryboardID.swift; sourceTree = "<group>"; };
		F3ECDE852277579E00C67293 /* EditScriptViewController.swift */ = {isa = PBXFileReference; lastKnownFileType = sourcecode.swift; path = EditScriptViewController.swift; sourceTree = "<group>"; };
		F3ECDE87227840DC00C67293 /* MainInterface.storyboard */ = {isa = PBXFileReference; fileEncoding = 4; lastKnownFileType = file.storyboard; path = MainInterface.storyboard; sourceTree = "<group>"; };
		F3ECDE8D22784D6800C67293 /* TableViewDataSource.swift */ = {isa = PBXFileReference; lastKnownFileType = sourcecode.swift; path = TableViewDataSource.swift; sourceTree = "<group>"; };
/* End PBXFileReference section */

/* Begin PBXFrameworksBuildPhase section */
		F3A1B44822027C9E0007FC7E /* Frameworks */ = {
			isa = PBXFrameworksBuildPhase;
			buildActionMask = 2147483647;
			files = (
			);
			runOnlyForDeploymentPostprocessing = 0;
		};
		F3A1B461220288D70007FC7E /* Frameworks */ = {
			isa = PBXFrameworksBuildPhase;
			buildActionMask = 2147483647;
			files = (
			);
			runOnlyForDeploymentPostprocessing = 0;
		};
/* End PBXFrameworksBuildPhase section */

/* Begin PBXGroup section */
		F3A1B44222027C9E0007FC7E = {
			isa = PBXGroup;
			children = (
				F3A1B44D22027C9E0007FC7E /* Safari Extension */,
				F3A1B465220288D70007FC7E /* My Sweet HWS Extension */,
				F3A1B44C22027C9E0007FC7E /* Products */,
			);
			sourceTree = "<group>";
		};
		F3A1B44C22027C9E0007FC7E /* Products */ = {
			isa = PBXGroup;
			children = (
				F3A1B44B22027C9E0007FC7E /* Safari Extension.app */,
				F3A1B464220288D70007FC7E /* My Sweet HWS Extension.appex */,
			);
			name = Products;
			sourceTree = "<group>";
		};
		F3A1B44D22027C9E0007FC7E /* Safari Extension */ = {
			isa = PBXGroup;
			children = (
				F3A1B44E22027C9E0007FC7E /* AppDelegate.swift */,
				F3A1B45022027C9E0007FC7E /* MainViewController.swift */,
				F3A1B45222027C9E0007FC7E /* Main.storyboard */,
				F3A1B45522027C9F0007FC7E /* Assets.xcassets */,
				F3A1B45722027C9F0007FC7E /* LaunchScreen.storyboard */,
				F3A1B45A22027C9F0007FC7E /* Info.plist */,
			);
			path = "Safari Extension";
			sourceTree = "<group>";
		};
		F3A1B465220288D70007FC7E /* My Sweet HWS Extension */ = {
			isa = PBXGroup;
			children = (
				F3ECDE8C22784D4F00C67293 /* Reusables */,
				F3ECDE80227728D800C67293 /* Helpers */,
				F3ECDE5B2275CEFA00C67293 /* Extensions */,
				F3ECDE582275C01100C67293 /* Scenes */,
				F3ECDE572275BFFE00C67293 /* Content */,
				F3ECDE562275BFE100C67293 /* Supporting Files */,
				F3ECDE532275BD6200C67293 /* Models */,
				F3A1B46D220288D70007FC7E /* Info.plist */,
			);
			path = "My Sweet HWS Extension";
			sourceTree = "<group>";
		};
		F3ECDE532275BD6200C67293 /* Models */ = {
			isa = PBXGroup;
			children = (
				F3ECDE542275BDAB00C67293 /* Injection.swift */,
				F3ECDE592275CB2100C67293 /* PageSnapshot.swift */,
			);
			path = Models;
			sourceTree = "<group>";
		};
		F3ECDE562275BFE100C67293 /* Supporting Files */ = {
			isa = PBXGroup;
			children = (
				F3A1B4752202BE2D0007FC7E /* ExtensionAction.js */,
				F3ECDE602276006600C67293 /* injection-presets.json */,
			);
			path = "Supporting Files";
			sourceTree = "<group>";
		};
		F3ECDE572275BFFE00C67293 /* Content */ = {
			isa = PBXGroup;
			children = (
				F3A1B466220288D70007FC7E /* Media.xcassets */,
			);
			path = Content;
			sourceTree = "<group>";
		};
		F3ECDE582275C01100C67293 /* Scenes */ = {
			isa = PBXGroup;
			children = (
				F3ECDE87227840DC00C67293 /* MainInterface.storyboard */,
				F3A1B468220288D70007FC7E /* MainActionViewController.swift */,
				F3ECDE852277579E00C67293 /* EditScriptViewController.swift */,
			);
			path = Scenes;
			sourceTree = "<group>";
		};
		F3ECDE5B2275CEFA00C67293 /* Extensions */ = {
			isa = PBXGroup;
			children = (
				F3ECDE5E2275CFC900C67293 /* UIViewController+DisplayAlertMessage.swift */,
			);
			path = Extensions;
			sourceTree = "<group>";
		};
		F3ECDE80227728D800C67293 /* Helpers */ = {
			isa = PBXGroup;
			children = (
				F3ECDE812277290800C67293 /* Keys.swift */,
				F3ECDE83227756C800C67293 /* StoryboardID.swift */,
			);
			path = Helpers;
			sourceTree = "<group>";
		};
		F3ECDE8C22784D4F00C67293 /* Reusables */ = {
			isa = PBXGroup;
			children = (
				F3ECDE8D22784D6800C67293 /* TableViewDataSource.swift */,
			);
			path = Reusables;
			sourceTree = "<group>";
		};
/* End PBXGroup section */

/* Begin PBXNativeTarget section */
		F3A1B44A22027C9E0007FC7E /* Safari Extension */ = {
			isa = PBXNativeTarget;
			buildConfigurationList = F3A1B45D22027C9F0007FC7E /* Build configuration list for PBXNativeTarget "Safari Extension" */;
			buildPhases = (
				F3A1B44722027C9E0007FC7E /* Sources */,
				F3A1B44822027C9E0007FC7E /* Frameworks */,
				F3A1B44922027C9E0007FC7E /* Resources */,
				F3A1B474220288D70007FC7E /* Embed App Extensions */,
			);
			buildRules = (
			);
			dependencies = (
				F3A1B46F220288D70007FC7E /* PBXTargetDependency */,
			);
			name = "Safari Extension";
			productName = "Safari Extension";
			productReference = F3A1B44B22027C9E0007FC7E /* Safari Extension.app */;
			productType = "com.apple.product-type.application";
		};
		F3A1B463220288D70007FC7E /* My Sweet HWS Extension */ = {
			isa = PBXNativeTarget;
			buildConfigurationList = F3A1B471220288D70007FC7E /* Build configuration list for PBXNativeTarget "My Sweet HWS Extension" */;
			buildPhases = (
				F3A1B460220288D70007FC7E /* Sources */,
				F3A1B461220288D70007FC7E /* Frameworks */,
				F3A1B462220288D70007FC7E /* Resources */,
			);
			buildRules = (
			);
			dependencies = (
			);
			name = "My Sweet HWS Extension";
			productName = "My Sweet HWS Extension";
			productReference = F3A1B464220288D70007FC7E /* My Sweet HWS Extension.appex */;
			productType = "com.apple.product-type.app-extension";
		};
/* End PBXNativeTarget section */

/* Begin PBXProject section */
		F3A1B44322027C9E0007FC7E /* Project object */ = {
			isa = PBXProject;
			attributes = {
				LastSwiftUpdateCheck = 1010;
				LastUpgradeCheck = 1010;
				ORGANIZATIONNAME = "Brian Sipple";
				TargetAttributes = {
					F3A1B44A22027C9E0007FC7E = {
						CreatedOnToolsVersion = 10.1;
						LastSwiftMigration = 1020;
					};
					F3A1B463220288D70007FC7E = {
						CreatedOnToolsVersion = 10.1;
						LastSwiftMigration = 1020;
					};
				};
			};
			buildConfigurationList = F3A1B44622027C9E0007FC7E /* Build configuration list for PBXProject "Safari Extension" */;
			compatibilityVersion = "Xcode 9.3";
			developmentRegion = en;
			hasScannedForEncodings = 0;
			knownRegions = (
				en,
				Base,
			);
			mainGroup = F3A1B44222027C9E0007FC7E;
			productRefGroup = F3A1B44C22027C9E0007FC7E /* Products */;
			projectDirPath = "";
			projectRoot = "";
			targets = (
				F3A1B44A22027C9E0007FC7E /* Safari Extension */,
				F3A1B463220288D70007FC7E /* My Sweet HWS Extension */,
			);
		};
/* End PBXProject section */

/* Begin PBXResourcesBuildPhase section */
		F3A1B44922027C9E0007FC7E /* Resources */ = {
			isa = PBXResourcesBuildPhase;
			buildActionMask = 2147483647;
			files = (
				F3A1B45922027C9F0007FC7E /* LaunchScreen.storyboard in Resources */,
				F3A1B45622027C9F0007FC7E /* Assets.xcassets in Resources */,
				F3A1B45422027C9E0007FC7E /* Main.storyboard in Resources */,
			);
			runOnlyForDeploymentPostprocessing = 0;
		};
		F3A1B462220288D70007FC7E /* Resources */ = {
			isa = PBXResourcesBuildPhase;
			buildActionMask = 2147483647;
			files = (
				F3ECDE612276006600C67293 /* injection-presets.json in Resources */,
				F3ECDE88227840DD00C67293 /* MainInterface.storyboard in Resources */,
				F3A1B467220288D70007FC7E /* Media.xcassets in Resources */,
				F3A1B4762202BE2D0007FC7E /* ExtensionAction.js in Resources */,
			);
			runOnlyForDeploymentPostprocessing = 0;
		};
/* End PBXResourcesBuildPhase section */

/* Begin PBXSourcesBuildPhase section */
		F3A1B44722027C9E0007FC7E /* Sources */ = {
			isa = PBXSourcesBuildPhase;
			buildActionMask = 2147483647;
			files = (
				F3A1B45122027C9E0007FC7E /* MainViewController.swift in Sources */,
				F3A1B44F22027C9E0007FC7E /* AppDelegate.swift in Sources */,
			);
			runOnlyForDeploymentPostprocessing = 0;
		};
		F3A1B460220288D70007FC7E /* Sources */ = {
			isa = PBXSourcesBuildPhase;
			buildActionMask = 2147483647;
			files = (
				F3ECDE5F2275CFC900C67293 /* UIViewController+DisplayAlertMessage.swift in Sources */,
				F3ECDE5A2275CB2100C67293 /* PageSnapshot.swift in Sources */,
				F3ECDE8E22784D6800C67293 /* TableViewDataSource.swift in Sources */,
				F3A1B469220288D70007FC7E /* MainActionViewController.swift in Sources */,
				F3ECDE84227756C800C67293 /* StoryboardID.swift in Sources */,
				F3ECDE552275BDAB00C67293 /* Injection.swift in Sources */,
				F3ECDE822277290800C67293 /* Keys.swift in Sources */,
				F3ECDE862277579E00C67293 /* EditScriptViewController.swift in Sources */,
			);
			runOnlyForDeploymentPostprocessing = 0;
		};
/* End PBXSourcesBuildPhase section */

/* Begin PBXTargetDependency section */
		F3A1B46F220288D70007FC7E /* PBXTargetDependency */ = {
			isa = PBXTargetDependency;
			target = F3A1B463220288D70007FC7E /* My Sweet HWS Extension */;
			targetProxy = F3A1B46E220288D70007FC7E /* PBXContainerItemProxy */;
		};
/* End PBXTargetDependency section */

/* Begin PBXVariantGroup section */
		F3A1B45222027C9E0007FC7E /* Main.storyboard */ = {
			isa = PBXVariantGroup;
			children = (
				F3A1B45322027C9E0007FC7E /* Base */,
			);
			name = Main.storyboard;
			sourceTree = "<group>";
		};
		F3A1B45722027C9F0007FC7E /* LaunchScreen.storyboard */ = {
			isa = PBXVariantGroup;
			children = (
				F3A1B45822027C9F0007FC7E /* Base */,
			);
			name = LaunchScreen.storyboard;
			sourceTree = "<group>";
		};
/* End PBXVariantGroup section */

/* Begin XCBuildConfiguration section */
		F3A1B45B22027C9F0007FC7E /* Debug */ = {
			isa = XCBuildConfiguration;
			buildSettings = {
				ALWAYS_SEARCH_USER_PATHS = NO;
				CLANG_ANALYZER_NONNULL = YES;
				CLANG_ANALYZER_NUMBER_OBJECT_CONVERSION = YES_AGGRESSIVE;
				CLANG_CXX_LANGUAGE_STANDARD = "gnu++14";
				CLANG_CXX_LIBRARY = "libc++";
				CLANG_ENABLE_MODULES = YES;
				CLANG_ENABLE_OBJC_ARC = YES;
				CLANG_ENABLE_OBJC_WEAK = YES;
				CLANG_WARN_BLOCK_CAPTURE_AUTORELEASING = YES;
				CLANG_WARN_BOOL_CONVERSION = YES;
				CLANG_WARN_COMMA = YES;
				CLANG_WARN_CONSTANT_CONVERSION = YES;
				CLANG_WARN_DEPRECATED_OBJC_IMPLEMENTATIONS = YES;
				CLANG_WARN_DIRECT_OBJC_ISA_USAGE = YES_ERROR;
				CLANG_WARN_DOCUMENTATION_COMMENTS = YES;
				CLANG_WARN_EMPTY_BODY = YES;
				CLANG_WARN_ENUM_CONVERSION = YES;
				CLANG_WARN_INFINITE_RECURSION = YES;
				CLANG_WARN_INT_CONVERSION = YES;
				CLANG_WARN_NON_LITERAL_NULL_CONVERSION = YES;
				CLANG_WARN_OBJC_IMPLICIT_RETAIN_SELF = YES;
				CLANG_WARN_OBJC_LITERAL_CONVERSION = YES;
				CLANG_WARN_OBJC_ROOT_CLASS = YES_ERROR;
				CLANG_WARN_RANGE_LOOP_ANALYSIS = YES;
				CLANG_WARN_STRICT_PROTOTYPES = YES;
				CLANG_WARN_SUSPICIOUS_MOVE = YES;
				CLANG_WARN_UNGUARDED_AVAILABILITY = YES_AGGRESSIVE;
				CLANG_WARN_UNREACHABLE_CODE = YES;
				CLANG_WARN__DUPLICATE_METHOD_MATCH = YES;
				CODE_SIGN_IDENTITY = "iPhone Developer";
				COPY_PHASE_STRIP = NO;
				DEBUG_INFORMATION_FORMAT = dwarf;
				ENABLE_STRICT_OBJC_MSGSEND = YES;
				ENABLE_TESTABILITY = YES;
				GCC_C_LANGUAGE_STANDARD = gnu11;
				GCC_DYNAMIC_NO_PIC = NO;
				GCC_NO_COMMON_BLOCKS = YES;
				GCC_OPTIMIZATION_LEVEL = 0;
				GCC_PREPROCESSOR_DEFINITIONS = (
					"DEBUG=1",
					"$(inherited)",
				);
				GCC_WARN_64_TO_32_BIT_CONVERSION = YES;
				GCC_WARN_ABOUT_RETURN_TYPE = YES_ERROR;
				GCC_WARN_UNDECLARED_SELECTOR = YES;
				GCC_WARN_UNINITIALIZED_AUTOS = YES_AGGRESSIVE;
				GCC_WARN_UNUSED_FUNCTION = YES;
				GCC_WARN_UNUSED_VARIABLE = YES;
				IPHONEOS_DEPLOYMENT_TARGET = 12.1;
				MTL_ENABLE_DEBUG_INFO = INCLUDE_SOURCE;
				MTL_FAST_MATH = YES;
				ONLY_ACTIVE_ARCH = YES;
				SDKROOT = iphoneos;
				SWIFT_ACTIVE_COMPILATION_CONDITIONS = DEBUG;
				SWIFT_OPTIMIZATION_LEVEL = "-Onone";
			};
			name = Debug;
		};
		F3A1B45C22027C9F0007FC7E /* Release */ = {
			isa = XCBuildConfiguration;
			buildSettings = {
				ALWAYS_SEARCH_USER_PATHS = NO;
				CLANG_ANALYZER_NONNULL = YES;
				CLANG_ANALYZER_NUMBER_OBJECT_CONVERSION = YES_AGGRESSIVE;
				CLANG_CXX_LANGUAGE_STANDARD = "gnu++14";
				CLANG_CXX_LIBRARY = "libc++";
				CLANG_ENABLE_MODULES = YES;
				CLANG_ENABLE_OBJC_ARC = YES;
				CLANG_ENABLE_OBJC_WEAK = YES;
				CLANG_WARN_BLOCK_CAPTURE_AUTORELEASING = YES;
				CLANG_WARN_BOOL_CONVERSION = YES;
				CLANG_WARN_COMMA = YES;
				CLANG_WARN_CONSTANT_CONVERSION = YES;
				CLANG_WARN_DEPRECATED_OBJC_IMPLEMENTATIONS = YES;
				CLANG_WARN_DIRECT_OBJC_ISA_USAGE = YES_ERROR;
				CLANG_WARN_DOCUMENTATION_COMMENTS = YES;
				CLANG_WARN_EMPTY_BODY = YES;
				CLANG_WARN_ENUM_CONVERSION = YES;
				CLANG_WARN_INFINITE_RECURSION = YES;
				CLANG_WARN_INT_CONVERSION = YES;
				CLANG_WARN_NON_LITERAL_NULL_CONVERSION = YES;
				CLANG_WARN_OBJC_IMPLICIT_RETAIN_SELF = YES;
				CLANG_WARN_OBJC_LITERAL_CONVERSION = YES;
				CLANG_WARN_OBJC_ROOT_CLASS = YES_ERROR;
				CLANG_WARN_RANGE_LOOP_ANALYSIS = YES;
				CLANG_WARN_STRICT_PROTOTYPES = YES;
				CLANG_WARN_SUSPICIOUS_MOVE = YES;
				CLANG_WARN_UNGUARDED_AVAILABILITY = YES_AGGRESSIVE;
				CLANG_WARN_UNREACHABLE_CODE = YES;
				CLANG_WARN__DUPLICATE_METHOD_MATCH = YES;
				CODE_SIGN_IDENTITY = "iPhone Developer";
				COPY_PHASE_STRIP = NO;
				DEBUG_INFORMATION_FORMAT = "dwarf-with-dsym";
				ENABLE_NS_ASSERTIONS = NO;
				ENABLE_STRICT_OBJC_MSGSEND = YES;
				GCC_C_LANGUAGE_STANDARD = gnu11;
				GCC_NO_COMMON_BLOCKS = YES;
				GCC_WARN_64_TO_32_BIT_CONVERSION = YES;
				GCC_WARN_ABOUT_RETURN_TYPE = YES_ERROR;
				GCC_WARN_UNDECLARED_SELECTOR = YES;
				GCC_WARN_UNINITIALIZED_AUTOS = YES_AGGRESSIVE;
				GCC_WARN_UNUSED_FUNCTION = YES;
				GCC_WARN_UNUSED_VARIABLE = YES;
				IPHONEOS_DEPLOYMENT_TARGET = 12.1;
				MTL_ENABLE_DEBUG_INFO = NO;
				MTL_FAST_MATH = YES;
				SDKROOT = iphoneos;
				SWIFT_COMPILATION_MODE = wholemodule;
				SWIFT_OPTIMIZATION_LEVEL = "-O";
				VALIDATE_PRODUCT = YES;
			};
			name = Release;
		};
		F3A1B45E22027C9F0007FC7E /* Debug */ = {
			isa = XCBuildConfiguration;
			buildSettings = {
				ALWAYS_EMBED_SWIFT_STANDARD_LIBRARIES = YES;
				ASSETCATALOG_COMPILER_APPICON_NAME = AppIcon;
				CODE_SIGN_STYLE = Automatic;
				DEVELOPMENT_TEAM = QRXXH2RKAG;
				INFOPLIST_FILE = "Safari Extension/Info.plist";
				LD_RUNPATH_SEARCH_PATHS = (
					"$(inherited)",
					"@executable_path/Frameworks",
				);
				PRODUCT_BUNDLE_IDENTIFIER = "io.sipple.Safari-Extension";
				PRODUCT_NAME = "$(TARGET_NAME)";
				SWIFT_VERSION = 5.0;
				TARGETED_DEVICE_FAMILY = "1,2";
			};
			name = Debug;
		};
		F3A1B45F22027C9F0007FC7E /* Release */ = {
			isa = XCBuildConfiguration;
			buildSettings = {
				ALWAYS_EMBED_SWIFT_STANDARD_LIBRARIES = YES;
				ASSETCATALOG_COMPILER_APPICON_NAME = AppIcon;
				CODE_SIGN_STYLE = Automatic;
				DEVELOPMENT_TEAM = QRXXH2RKAG;
				INFOPLIST_FILE = "Safari Extension/Info.plist";
				LD_RUNPATH_SEARCH_PATHS = (
					"$(inherited)",
					"@executable_path/Frameworks",
				);
				PRODUCT_BUNDLE_IDENTIFIER = "io.sipple.Safari-Extension";
				PRODUCT_NAME = "$(TARGET_NAME)";
				SWIFT_VERSION = 5.0;
				TARGETED_DEVICE_FAMILY = "1,2";
			};
			name = Release;
		};
		F3A1B472220288D70007FC7E /* Debug */ = {
			isa = XCBuildConfiguration;
			buildSettings = {
				CODE_SIGN_STYLE = Automatic;
				DEVELOPMENT_TEAM = QRXXH2RKAG;
				INFOPLIST_FILE = "My Sweet HWS Extension/Info.plist";
				LD_RUNPATH_SEARCH_PATHS = (
					"$(inherited)",
					"@executable_path/Frameworks",
					"@executable_path/../../Frameworks",
				);
				PRODUCT_BUNDLE_IDENTIFIER = "io.sipple.Safari-Extension.My-Sweet-HWS-Extension";
				PRODUCT_NAME = "$(TARGET_NAME)";
				SKIP_INSTALL = YES;
				SWIFT_VERSION = 5.0;
				TARGETED_DEVICE_FAMILY = "1,2";
			};
			name = Debug;
		};
		F3A1B473220288D70007FC7E /* Release */ = {
			isa = XCBuildConfiguration;
			buildSettings = {
				CODE_SIGN_STYLE = Automatic;
				DEVELOPMENT_TEAM = QRXXH2RKAG;
				INFOPLIST_FILE = "My Sweet HWS Extension/Info.plist";
				LD_RUNPATH_SEARCH_PATHS = (
					"$(inherited)",
					"@executable_path/Frameworks",
					"@executable_path/../../Frameworks",
				);
				PRODUCT_BUNDLE_IDENTIFIER = "io.sipple.Safari-Extension.My-Sweet-HWS-Extension";
				PRODUCT_NAME = "$(TARGET_NAME)";
				SKIP_INSTALL = YES;
				SWIFT_VERSION = 5.0;
				TARGETED_DEVICE_FAMILY = "1,2";
			};
			name = Release;
		};
/* End XCBuildConfiguration section */

/* Begin XCConfigurationList section */
		F3A1B44622027C9E0007FC7E /* Build configuration list for PBXProject "Safari Extension" */ = {
			isa = XCConfigurationList;
			buildConfigurations = (
				F3A1B45B22027C9F0007FC7E /* Debug */,
				F3A1B45C22027C9F0007FC7E /* Release */,
			);
			defaultConfigurationIsVisible = 0;
			defaultConfigurationName = Release;
		};
		F3A1B45D22027C9F0007FC7E /* Build configuration list for PBXNativeTarget "Safari Extension" */ = {
			isa = XCConfigurationList;
			buildConfigurations = (
				F3A1B45E22027C9F0007FC7E /* Debug */,
				F3A1B45F22027C9F0007FC7E /* Release */,
			);
			defaultConfigurationIsVisible = 0;
			defaultConfigurationName = Release;
		};
		F3A1B471220288D70007FC7E /* Build configuration list for PBXNativeTarget "My Sweet HWS Extension" */ = {
			isa = XCConfigurationList;
			buildConfigurations = (
				F3A1B472220288D70007FC7E /* Debug */,
				F3A1B473220288D70007FC7E /* Release */,
			);
			defaultConfigurationIsVisible = 0;
			defaultConfigurationName = Release;
		};
/* End XCConfigurationList section */
	};
	rootObject = F3A1B44322027C9E0007FC7E /* Project object */;
}
